
Microsoft Visual Studio Solution File, Format Version 12.00
# Visual Studio 14
VisualStudioVersion = 14.0.25123.0
MinimumVisualStudioVersion = 10.0.40219.1
Project("{8BC9CEB8-8B4A-11D0-8D11-00A0C91BC942}") = "FiveMP_Launcher", "FiveMP_Launcher\FiveMP_Launcher.vcxproj", "{F7298C9D-03AC-4557-96A2-556D44250621}"
EndProject
Project("{8BC9CEB8-8B4A-11D0-8D11-00A0C91BC942}") = "FiveMP_Client", "FiveMP_Client\FiveMP_Client.vcxproj", "{05C92719-05C7-4DED-9024-5489640AD286}"
EndProject
Project("{8BC9CEB8-8B4A-11D0-8D11-00A0C91BC942}") = "FiveMP_Server", "FiveMP_Server\FiveMP_Server.vcxproj", "{11DAC5C3-DF35-4E52-BCA3-65FE3FC08884}"
EndProject
Project("{8BC9CEB8-8B4A-11D0-8D11-00A0C91BC942}") = "LUA", "LUA\LUA.vcxproj", "{E27DEB82-20F2-4A07-AEAC-48D8FB118DC6}"
EndProject
Global
	GlobalSection(SolutionConfigurationPlatforms) = preSolution
		Debug|x64 = Debug|x64
		Debug|x86 = Debug|x86
		Release|x64 = Release|x64
		Release|x86 = Release|x86
	EndGlobalSection
	GlobalSection(ProjectConfigurationPlatforms) = postSolution
		{F7298C9D-03AC-4557-96A2-556D44250621}.Debug|x64.ActiveCfg = Debug|x64
		{F7298C9D-03AC-4557-96A2-556D44250621}.Debug|x64.Build.0 = Debug|x64
		{F7298C9D-03AC-4557-96A2-556D44250621}.Debug|x86.ActiveCfg = Debug|Win32
		{F7298C9D-03AC-4557-96A2-556D44250621}.Debug|x86.Build.0 = Debug|Win32
		{F7298C9D-03AC-4557-96A2-556D44250621}.Release|x64.ActiveCfg = Release|x64
		{F7298C9D-03AC-4557-96A2-556D44250621}.Release|x64.Build.0 = Release|x64
		{F7298C9D-03AC-4557-96A2-556D44250621}.Release|x86.ActiveCfg = Release|Win32
		{F7298C9D-03AC-4557-96A2-556D44250621}.Release|x86.Build.0 = Release|Win32
		{05C92719-05C7-4DED-9024-5489640AD286}.Debug|x64.ActiveCfg = Debug|x64
		{05C92719-05C7-4DED-9024-5489640AD286}.Debug|x64.Build.0 = Debug|x64
		{05C92719-05C7-4DED-9024-5489640AD286}.Debug|x86.ActiveCfg = Debug|Win32
		{05C92719-05C7-4DED-9024-5489640AD286}.Debug|x86.Build.0 = Debug|Win32
		{05C92719-05C7-4DED-9024-5489640AD286}.Release|x64.ActiveCfg = Release|x64
		{05C92719-05C7-4DED-9024-5489640AD286}.Release|x64.Build.0 = Release|x64
		{05C92719-05C7-4DED-9024-5489640AD286}.Release|x86.ActiveCfg = Release|Win32
		{05C92719-05C7-4DED-9024-5489640AD286}.Release|x86.Build.0 = Release|Win32
		{11DAC5C3-DF35-4E52-BCA3-65FE3FC08884}.Debug|x64.ActiveCfg = Debug|x64
		{11DAC5C3-DF35-4E52-BCA3-65FE3FC08884}.Debug|x64.Build.0 = Debug|x64
		{11DAC5C3-DF35-4E52-BCA3-65FE3FC08884}.Debug|x86.ActiveCfg = Debug|Win32
		{11DAC5C3-DF35-4E52-BCA3-65FE3FC08884}.Debug|x86.Build.0 = Debug|Win32
		{11DAC5C3-DF35-4E52-BCA3-65FE3FC08884}.Release|x64.ActiveCfg = Release|Win32
		{11DAC5C3-DF35-4E52-BCA3-65FE3FC08884}.Release|x64.Build.0 = Release|Win32
		{11DAC5C3-DF35-4E52-BCA3-65FE3FC08884}.Release|x86.ActiveCfg = Release|Win32
		{11DAC5C3-DF35-4E52-BCA3-65FE3FC08884}.Release|x86.Build.0 = Release|Win32
		{E27DEB82-20F2-4A07-AEAC-48D8FB118DC6}.Debug|x64.ActiveCfg = Debug|x64
		{E27DEB82-20F2-4A07-AEAC-48D8FB118DC6}.Debug|x64.Build.0 = Debug|x64
		{E27DEB82-20F2-4A07-AEAC-48D8FB118DC6}.Debug|x86.ActiveCfg = Debug|Win32
		{E27DEB82-20F2-4A07-AEAC-48D8FB118DC6}.Debug|x86.Build.0 = Debug|Win32
		{E27DEB82-20F2-4A07-AEAC-48D8FB118DC6}.Release|x64.ActiveCfg = Release|x64
		{E27DEB82-20F2-4A07-AEAC-48D8FB118DC6}.Release|x64.Build.0 = Release|x64
		{E27DEB82-20F2-4A07-AEAC-48D8FB118DC6}.Release|x86.ActiveCfg = Release|Win32
		{E27DEB82-20F2-4A07-AEAC-48D8FB118DC6}.Release|x86.Build.0 = Release|Win32
	EndGlobalSection
	GlobalSection(SolutionProperties) = preSolution
		HideSolutionNode = FALSE
	EndGlobalSection
EndGlobal
